
Microsoft Visual Studio Solution File, Format Version 12.00
# Visual Studio Version 17
VisualStudioVersion = 17.6.33829.357
MinimumVisualStudioVersion = 10.0.40219.1
Project("{FAE04EC0-301F-11D3-BF4B-00C04F79EFBC}") = "Api", "Api.csproj", "{C335EB5C-4BEC-4B78-821F-25E78D8DA039}"
EndProject
Project("{FAE04EC0-301F-11D3-BF4B-00C04F79EFBC}") = "Application", "..\Application\Application.csproj", "{837895B0-5B52-46F2-A873-9E08BE42C760}"
EndProject
Project("{FAE04EC0-301F-11D3-BF4B-00C04F79EFBC}") = "Data", "..\Data\Data.csproj", "{0E24E5C7-3D33-4416-87E8-4E78A97DB03B}"
EndProject
Global
	GlobalSection(SolutionConfigurationPlatforms) = preSolution
		Debug|Any CPU = Debug|Any CPU
		Release|Any CPU = Release|Any CPU
	EndGlobalSection
	GlobalSection(ProjectConfigurationPlatforms) = postSolution
		{C335EB5C-4BEC-4B78-821F-25E78D8DA039}.Debug|Any CPU.ActiveCfg = Debug|Any CPU
		{C335EB5C-4BEC-4B78-821F-25E78D8DA039}.Debug|Any CPU.Build.0 = Debug|Any CPU
		{C335EB5C-4BEC-4B78-821F-25E78D8DA039}.Release|Any CPU.ActiveCfg = Release|Any CPU
		{C335EB5C-4BEC-4B78-821F-25E78D8DA039}.Release|Any CPU.Build.0 = Release|Any CPU
		{837895B0-5B52-46F2-A873-9E08BE42C760}.Debug|Any CPU.ActiveCfg = Debug|Any CPU
		{837895B0-5B52-46F2-A873-9E08BE42C760}.Debug|Any CPU.Build.0 = Debug|Any CPU
		{837895B0-5B52-46F2-A873-9E08BE42C760}.Release|Any CPU.ActiveCfg = Release|Any CPU
		{837895B0-5B52-46F2-A873-9E08BE42C760}.Release|Any CPU.Build.0 = Release|Any CPU
		{0E24E5C7-3D33-4416-87E8-4E78A97DB03B}.Debug|Any CPU.ActiveCfg = Debug|Any CPU
		{0E24E5C7-3D33-4416-87E8-4E78A97DB03B}.Debug|Any CPU.Build.0 = Debug|Any CPU
		{0E24E5C7-3D33-4416-87E8-4E78A97DB03B}.Release|Any CPU.ActiveCfg = Release|Any CPU
		{0E24E5C7-3D33-4416-87E8-4E78A97DB03B}.Release|Any CPU.Build.0 = Release|Any CPU
	EndGlobalSection
	GlobalSection(SolutionProperties) = preSolution
		HideSolutionNode = FALSE
	EndGlobalSection
	GlobalSection(ExtensibilityGlobals) = postSolution
		SolutionGuid = {DD742FDF-65BD-44C8-B467-C183002AF0C7}
	EndGlobalSection
EndGlobal
